
Microsoft Visual Studio Solution File, Format Version 12.00
# Visual Studio Version 17
VisualStudioVersion = 17.5.002.0
MinimumVisualStudioVersion = 10.0.40219.1
Project("{9A19103F-16F7-4668-BE54-9A1E7A4F7556}") = "Pokedex", "Pokedex\Pokedex.csproj", "{A9E15578-DBFE-4DD8-92D2-8D925348EEFD}"
EndProject
Global
	GlobalSection(SolutionConfigurationPlatforms) = preSolution
		Debug|Any CPU = Debug|Any CPU
		Release|Any CPU = Release|Any CPU
	EndGlobalSection
	GlobalSection(ProjectConfigurationPlatforms) = postSolution
		{A9E15578-DBFE-4DD8-92D2-8D925348EEFD}.Debug|Any CPU.ActiveCfg = Debug|Any CPU
		{A9E15578-DBFE-4DD8-92D2-8D925348EEFD}.Debug|Any CPU.Build.0 = Debug|Any CPU
		{A9E15578-DBFE-4DD8-92D2-8D925348EEFD}.Release|Any CPU.ActiveCfg = Release|Any CPU
		{A9E15578-DBFE-4DD8-92D2-8D925348EEFD}.Release|Any CPU.Build.0 = Release|Any CPU
	EndGlobalSection
	GlobalSection(SolutionProperties) = preSolution
		HideSolutionNode = FALSE
	EndGlobalSection
	GlobalSection(ExtensibilityGlobals) = postSolution
		SolutionGuid = {7B4D6725-76C3-49A9-9DAA-D6BA4AF49665}
	EndGlobalSection
EndGlobal
